Microsoft Visual Studio Solution File, Format Version 12.00
# Visual Studio Version 17
VisualStudioVersion = 17.5.2.0
MinimumVisualStudioVersion = 10.0.40219.1
Project("{FAE04EC0-301F-11D3-BF4B-00C04F79EFBC}") = "Variant7", "Variant7.csproj", "{9E1E3A7A-2DD0-A398-5FD2-EA24C9BA2A2C}"
EndProject
Global
	GlobalSection(SolutionConfigurationPlatforms) = preSolution
		Debug|Any CPU = Debug|Any CPU
		Release|Any CPU = Release|Any CPU
	EndGlobalSection
	GlobalSection(ProjectConfigurationPlatforms) = postSolution
		{9E1E3A7A-2DD0-A398-5FD2-EA24C9BA2A2C}.Debug|Any CPU.ActiveCfg = Debug|Any CPU
		{9E1E3A7A-2DD0-A398-5FD2-EA24C9BA2A2C}.Debug|Any CPU.Build.0 = Debug|Any CPU
		{9E1E3A7A-2DD0-A398-5FD2-EA24C9BA2A2C}.Release|Any CPU.ActiveCfg = Release|Any CPU
		{9E1E3A7A-2DD0-A398-5FD2-EA24C9BA2A2C}.Release|Any CPU.Build.0 = Release|Any CPU
	EndGlobalSection
	GlobalSection(SolutionProperties) = preSolution
		HideSolutionNode = FALSE
	EndGlobalSection
	GlobalSection(ExtensibilityGlobals) = postSolution
		SolutionGuid = {55A3CB26-C0BF-40E5-B673-D24A0ED6DC90}
	EndGlobalSection
EndGlobal
